
Microsoft Visual Studio Solution File, Format Version 12.00
# Visual Studio Version 16
VisualStudioVersion = 16.0.29709.97
MinimumVisualStudioVersion = 10.0.40219.1
Project("{2150E333-8FDC-42A3-9474-1A3956D46DE8}") = "Presentations", "Presentations", "{C0DDCA8A-6525-4519-BEE5-EEE62BEAB1E8}"
EndProject
Project("{2150E333-8FDC-42A3-9474-1A3956D46DE8}") = "Services", "Services", "{0FCE066B-7919-49BD-A562-7D47BDA039F9}"
EndProject
Project("{9A19103F-16F7-4668-BE54-9A1E7A4F7556}") = "Presentations.Api", "src\Presentations.Api\Presentations.Api.csproj", "{F5ED30A7-459C-4D32-8505-5B0400A7AB5B}"
EndProject
Project("{2150E333-8FDC-42A3-9474-1A3956D46DE8}") = "Core", "Core", "{EFCB059A-1671-45CA-82EE-8A134041339E}"
EndProject
Project("{2150E333-8FDC-42A3-9474-1A3956D46DE8}") = "Domain", "Domain", "{73D6D5F6-A2C7-4E59-82DA-AE81ACF354BC}"
EndProject
Project("{2150E333-8FDC-42A3-9474-1A3956D46DE8}") = "Infrastructure", "Infrastructure", "{CDED1827-6505-4ADF-AC3A-469C1D81EAB4}"
EndProject
Project("{2150E333-8FDC-42A3-9474-1A3956D46DE8}") = "Test", "Test", "{2021823A-024E-400B-86D8-D218DFD53C98}"
EndProject
Project("{9A19103F-16F7-4668-BE54-9A1E7A4F7556}") = "Core.Domain", "src\Core\Core.Domain\Core.Domain.csproj", "{13294119-8AA9-4139-8912-C1C090AC09ED}"
EndProject
Project("{2150E333-8FDC-42A3-9474-1A3956D46DE8}") = "CrossCutting", "CrossCutting", "{212F6197-8ECE-4316-BF78-E6F3E7FF5E44}"
EndProject
Project("{2150E333-8FDC-42A3-9474-1A3956D46DE8}") = "Data", "Data", "{B2155292-E403-4733-9E32-B64DF606EB1B}"
EndProject
Project("{9A19103F-16F7-4668-BE54-9A1E7A4F7556}") = "Core.Infrastructure.CrossCutting.IoC", "src\Core\Core.CrossCutting.IoC\Core.Infrastructure.CrossCutting.IoC.csproj", "{B5F042ED-AA86-4624-9758-A0B81823079C}"
EndProject
Project("{9A19103F-16F7-4668-BE54-9A1E7A4F7556}") = "Core.Infrastructure.CrossCutting.Auth", "src\Core\Core.Infrastructure.CrossCutting.Auth\Core.Infrastructure.CrossCutting.Auth.csproj", "{75E476FB-E1E4-483B-8CAB-A07E1AD77DAB}"
EndProject
Project("{9A19103F-16F7-4668-BE54-9A1E7A4F7556}") = "Core.Infrastructure.CrossCutting.Bus", "src\Core\Core.Infrastructure.CrossCutting.Bus\Core.Infrastructure.CrossCutting.Bus.csproj", "{53334615-69F6-432C-AA8E-D1C35729BD6F}"
EndProject
Project("{9A19103F-16F7-4668-BE54-9A1E7A4F7556}") = "Core.Infrastructure.CrossCutting.Environment", "src\Core\Core.Infrastructure.CrossCutting.Environment\Core.Infrastructure.CrossCutting.Environment.csproj", "{D4BF40DD-DF05-45FC-9A6C-6278D217A263}"
EndProject
Project("{9A19103F-16F7-4668-BE54-9A1E7A4F7556}") = "Core.Infrastructure.CrossCutting.Transaction", "src\Core\Core.Infrastructure.CrossCutting.Transaction\Core.Infrastructure.CrossCutting.Transaction.csproj", "{6E342CB2-1718-4740-8467-BD44D2061C2E}"
EndProject
Project("{9A19103F-16F7-4668-BE54-9A1E7A4F7556}") = "Core.Infrastructure.Data.AntiCorruptionLayer", "src\Core\Core.Infrastructure.Data.AntiCorruptionLayer\Core.Infrastructure.Data.AntiCorruptionLayer.csproj", "{D54AE0BC-0303-4D68-ABE6-E029F884C9F6}"
EndProject
Project("{9A19103F-16F7-4668-BE54-9A1E7A4F7556}") = "Core.Infrastructure.Data.Context", "src\Core\Core.Infrastructure.Data.Context\Core.Infrastructure.Data.Context.csproj", "{1ED1A26B-4C3C-4431-A018-BA8360D9B2AD}"
EndProject
Project("{9A19103F-16F7-4668-BE54-9A1E7A4F7556}") = "Core.Infrastructure.Data.Migrations", "src\Core\Core.Infrastructure.Data.Migrations\Core.Infrastructure.Data.Migrations.csproj", "{1C22A0D5-A46D-4D6F-9B82-F665AB66E579}"
EndProject
Project("{9A19103F-16F7-4668-BE54-9A1E7A4F7556}") = "Core.Infrastructure.Data.Repository", "src\Core\Core.Infrastructure.Data.Repository\Core.Infrastructure.Data.Repository.csproj", "{914A2E96-1705-4E0A-9478-B35226472ABB}"
EndProject
Project("{9A19103F-16F7-4668-BE54-9A1E7A4F7556}") = "Core.Infrastructure.Data.Resource", "src\Core\Core.Infrastructure.Data.Resource\Core.Infrastructure.Data.Resource.csproj", "{0C91924B-2254-40EA-AEF8-0CFD7857AEFD}"
EndProject
Project("{2150E333-8FDC-42A3-9474-1A3956D46DE8}") = "Example", "Example", "{E1E05FAB-ED10-464F-A415-A7033B46FCBC}"
EndProject
Project("{2150E333-8FDC-42A3-9474-1A3956D46DE8}") = "Domain", "Domain", "{D00CA3CE-13AA-4DE7-8AAD-CDE7DBF45289}"
EndProject
Project("{2150E333-8FDC-42A3-9474-1A3956D46DE8}") = "Infrastructure", "Infrastructure", "{85120DEA-94E4-44F0-AE77-F95D6BEB2449}"
EndProject
Project("{2150E333-8FDC-42A3-9474-1A3956D46DE8}") = "Test", "Test", "{B6F58FD3-EAB9-43E1-9C8D-2D045012D081}"
EndProject
Project("{9A19103F-16F7-4668-BE54-9A1E7A4F7556}") = "Example.Domain", "src\Example\Example.Domain\Example.Domain.csproj", "{A0D47868-49C4-4288-956C-1E382D79A366}"
EndProject
Project("{2150E333-8FDC-42A3-9474-1A3956D46DE8}") = "Data", "Data", "{28CAD737-DB62-4F58-85D4-F506B6844B7D}"
EndProject
Project("{9A19103F-16F7-4668-BE54-9A1E7A4F7556}") = "Example.Infrastructure.Data.Context", "src\Example\Example.Infrastructure.Data.Context\Example.Infrastructure.Data.Context.csproj", "{03A1B156-46AD-4DF3-B325-3CCBBFBDE02A}"
EndProject
Project("{2150E333-8FDC-42A3-9474-1A3956D46DE8}") = "CrossCutting", "CrossCutting", "{149C8FDC-CAA3-408A-9DE1-66148676233C}"
EndProject
Project("{9A19103F-16F7-4668-BE54-9A1E7A4F7556}") = "Example.Infrastructure.CrossCutting.IoC", "src\Example\Example.Infrastructure.CrossCutting.IoC\Example.Infrastructure.CrossCutting.IoC.csproj", "{1806A3C9-363D-4602-9266-C3AFC0E75248}"
EndProject
Project("{9A19103F-16F7-4668-BE54-9A1E7A4F7556}") = "Example.Infrastructure.Data.Repository", "src\Example\Example.Infrastructure.Data.Repository\Example.Infrastructure.Data.Repository.csproj", "{2CDB9BE3-D487-4F07-8BF0-E1204E5DA72A}"
EndProject
Project("{FAE04EC0-301F-11D3-BF4B-00C04F79EFBC}") = "Example.Domain.UnitTest", "src\Example\Example.Domain.UnitTest\Example.Domain.UnitTest.csproj", "{86F492B6-8F94-4ABB-9FD6-EF94E0FB858B}"
EndProject
Project("{9A19103F-16F7-4668-BE54-9A1E7A4F7556}") = "Core.Test", "src\Core\Core.Test\Core.Test.csproj", "{6D2F21ED-1F8B-41C7-9D24-74B7621F1785}"
EndProject
Global
	GlobalSection(SolutionConfigurationPlatforms) = preSolution
		Debug|Any CPU = Debug|Any CPU
		Release|Any CPU = Release|Any CPU
	EndGlobalSection
	GlobalSection(ProjectConfigurationPlatforms) = postSolution
		{F5ED30A7-459C-4D32-8505-5B0400A7AB5B}.Debug|Any CPU.ActiveCfg = Debug|Any CPU
		{F5ED30A7-459C-4D32-8505-5B0400A7AB5B}.Debug|Any CPU.Build.0 = Debug|Any CPU
		{F5ED30A7-459C-4D32-8505-5B0400A7AB5B}.Release|Any CPU.ActiveCfg = Release|Any CPU
		{F5ED30A7-459C-4D32-8505-5B0400A7AB5B}.Release|Any CPU.Build.0 = Release|Any CPU
		{13294119-8AA9-4139-8912-C1C090AC09ED}.Debug|Any CPU.ActiveCfg = Debug|Any CPU
		{13294119-8AA9-4139-8912-C1C090AC09ED}.Debug|Any CPU.Build.0 = Debug|Any CPU
		{13294119-8AA9-4139-8912-C1C090AC09ED}.Release|Any CPU.ActiveCfg = Release|Any CPU
		{13294119-8AA9-4139-8912-C1C090AC09ED}.Release|Any CPU.Build.0 = Release|Any CPU
		{B5F042ED-AA86-4624-9758-A0B81823079C}.Debug|Any CPU.ActiveCfg = Debug|Any CPU
		{B5F042ED-AA86-4624-9758-A0B81823079C}.Debug|Any CPU.Build.0 = Debug|Any CPU
		{B5F042ED-AA86-4624-9758-A0B81823079C}.Release|Any CPU.ActiveCfg = Release|Any CPU
		{B5F042ED-AA86-4624-9758-A0B81823079C}.Release|Any CPU.Build.0 = Release|Any CPU
		{75E476FB-E1E4-483B-8CAB-A07E1AD77DAB}.Debug|Any CPU.ActiveCfg = Debug|Any CPU
		{75E476FB-E1E4-483B-8CAB-A07E1AD77DAB}.Debug|Any CPU.Build.0 = Debug|Any CPU
		{75E476FB-E1E4-483B-8CAB-A07E1AD77DAB}.Release|Any CPU.ActiveCfg = Release|Any CPU
		{75E476FB-E1E4-483B-8CAB-A07E1AD77DAB}.Release|Any CPU.Build.0 = Release|Any CPU
		{53334615-69F6-432C-AA8E-D1C35729BD6F}.Debug|Any CPU.ActiveCfg = Debug|Any CPU
		{53334615-69F6-432C-AA8E-D1C35729BD6F}.Debug|Any CPU.Build.0 = Debug|Any CPU
		{53334615-69F6-432C-AA8E-D1C35729BD6F}.Release|Any CPU.ActiveCfg = Release|Any CPU
		{53334615-69F6-432C-AA8E-D1C35729BD6F}.Release|Any CPU.Build.0 = Release|Any CPU
		{D4BF40DD-DF05-45FC-9A6C-6278D217A263}.Debug|Any CPU.ActiveCfg = Debug|Any CPU
		{D4BF40DD-DF05-45FC-9A6C-6278D217A263}.Debug|Any CPU.Build.0 = Debug|Any CPU
		{D4BF40DD-DF05-45FC-9A6C-6278D217A263}.Release|Any CPU.ActiveCfg = Release|Any CPU
		{D4BF40DD-DF05-45FC-9A6C-6278D217A263}.Release|Any CPU.Build.0 = Release|Any CPU
		{6E342CB2-1718-4740-8467-BD44D2061C2E}.Debug|Any CPU.ActiveCfg = Debug|Any CPU
		{6E342CB2-1718-4740-8467-BD44D2061C2E}.Debug|Any CPU.Build.0 = Debug|Any CPU
		{6E342CB2-1718-4740-8467-BD44D2061C2E}.Release|Any CPU.ActiveCfg = Release|Any CPU
		{6E342CB2-1718-4740-8467-BD44D2061C2E}.Release|Any CPU.Build.0 = Release|Any CPU
		{D54AE0BC-0303-4D68-ABE6-E029F884C9F6}.Debug|Any CPU.ActiveCfg = Debug|Any CPU
		{D54AE0BC-0303-4D68-ABE6-E029F884C9F6}.Debug|Any CPU.Build.0 = Debug|Any CPU
		{D54AE0BC-0303-4D68-ABE6-E029F884C9F6}.Release|Any CPU.ActiveCfg = Release|Any CPU
		{D54AE0BC-0303-4D68-ABE6-E029F884C9F6}.Release|Any CPU.Build.0 = Release|Any CPU
		{1ED1A26B-4C3C-4431-A018-BA8360D9B2AD}.Debug|Any CPU.ActiveCfg = Debug|Any CPU
		{1ED1A26B-4C3C-4431-A018-BA8360D9B2AD}.Debug|Any CPU.Build.0 = Debug|Any CPU
		{1ED1A26B-4C3C-4431-A018-BA8360D9B2AD}.Release|Any CPU.ActiveCfg = Release|Any CPU
		{1ED1A26B-4C3C-4431-A018-BA8360D9B2AD}.Release|Any CPU.Build.0 = Release|Any CPU
		{1C22A0D5-A46D-4D6F-9B82-F665AB66E579}.Debug|Any CPU.ActiveCfg = Debug|Any CPU
		{1C22A0D5-A46D-4D6F-9B82-F665AB66E579}.Debug|Any CPU.Build.0 = Debug|Any CPU
		{1C22A0D5-A46D-4D6F-9B82-F665AB66E579}.Release|Any CPU.ActiveCfg = Release|Any CPU
		{1C22A0D5-A46D-4D6F-9B82-F665AB66E579}.Release|Any CPU.Build.0 = Release|Any CPU
		{914A2E96-1705-4E0A-9478-B35226472ABB}.Debug|Any CPU.ActiveCfg = Debug|Any CPU
		{914A2E96-1705-4E0A-9478-B35226472ABB}.Debug|Any CPU.Build.0 = Debug|Any CPU
		{914A2E96-1705-4E0A-9478-B35226472ABB}.Release|Any CPU.ActiveCfg = Release|Any CPU
		{914A2E96-1705-4E0A-9478-B35226472ABB}.Release|Any CPU.Build.0 = Release|Any CPU
		{0C91924B-2254-40EA-AEF8-0CFD7857AEFD}.Debug|Any CPU.ActiveCfg = Debug|Any CPU
		{0C91924B-2254-40EA-AEF8-0CFD7857AEFD}.Debug|Any CPU.Build.0 = Debug|Any CPU
		{0C91924B-2254-40EA-AEF8-0CFD7857AEFD}.Release|Any CPU.ActiveCfg = Release|Any CPU
		{0C91924B-2254-40EA-AEF8-0CFD7857AEFD}.Release|Any CPU.Build.0 = Release|Any CPU
		{A0D47868-49C4-4288-956C-1E382D79A366}.Debug|Any CPU.ActiveCfg = Debug|Any CPU
		{A0D47868-49C4-4288-956C-1E382D79A366}.Debug|Any CPU.Build.0 = Debug|Any CPU
		{A0D47868-49C4-4288-956C-1E382D79A366}.Release|Any CPU.ActiveCfg = Release|Any CPU
		{A0D47868-49C4-4288-956C-1E382D79A366}.Release|Any CPU.Build.0 = Release|Any CPU
		{03A1B156-46AD-4DF3-B325-3CCBBFBDE02A}.Debug|Any CPU.ActiveCfg = Debug|Any CPU
		{03A1B156-46AD-4DF3-B325-3CCBBFBDE02A}.Debug|Any CPU.Build.0 = Debug|Any CPU
		{03A1B156-46AD-4DF3-B325-3CCBBFBDE02A}.Release|Any CPU.ActiveCfg = Release|Any CPU
		{03A1B156-46AD-4DF3-B325-3CCBBFBDE02A}.Release|Any CPU.Build.0 = Release|Any CPU
		{1806A3C9-363D-4602-9266-C3AFC0E75248}.Debug|Any CPU.ActiveCfg = Debug|Any CPU
		{1806A3C9-363D-4602-9266-C3AFC0E75248}.Debug|Any CPU.Build.0 = Debug|Any CPU
		{1806A3C9-363D-4602-9266-C3AFC0E75248}.Release|Any CPU.ActiveCfg = Release|Any CPU
		{1806A3C9-363D-4602-9266-C3AFC0E75248}.Release|Any CPU.Build.0 = Release|Any CPU
		{2CDB9BE3-D487-4F07-8BF0-E1204E5DA72A}.Debug|Any CPU.ActiveCfg = Debug|Any CPU
		{2CDB9BE3-D487-4F07-8BF0-E1204E5DA72A}.Debug|Any CPU.Build.0 = Debug|Any CPU
		{2CDB9BE3-D487-4F07-8BF0-E1204E5DA72A}.Release|Any CPU.ActiveCfg = Release|Any CPU
		{2CDB9BE3-D487-4F07-8BF0-E1204E5DA72A}.Release|Any CPU.Build.0 = Release|Any CPU
		{86F492B6-8F94-4ABB-9FD6-EF94E0FB858B}.Debug|Any CPU.ActiveCfg = Debug|Any CPU
		{86F492B6-8F94-4ABB-9FD6-EF94E0FB858B}.Debug|Any CPU.Build.0 = Debug|Any CPU
		{86F492B6-8F94-4ABB-9FD6-EF94E0FB858B}.Release|Any CPU.ActiveCfg = Release|Any CPU
		{86F492B6-8F94-4ABB-9FD6-EF94E0FB858B}.Release|Any CPU.Build.0 = Release|Any CPU
		{6D2F21ED-1F8B-41C7-9D24-74B7621F1785}.Debug|Any CPU.ActiveCfg = Debug|Any CPU
		{6D2F21ED-1F8B-41C7-9D24-74B7621F1785}.Debug|Any CPU.Build.0 = Debug|Any CPU
		{6D2F21ED-1F8B-41C7-9D24-74B7621F1785}.Release|Any CPU.ActiveCfg = Release|Any CPU
		{6D2F21ED-1F8B-41C7-9D24-74B7621F1785}.Release|Any CPU.Build.0 = Release|Any CPU
	EndGlobalSection
	GlobalSection(SolutionProperties) = preSolution
		HideSolutionNode = FALSE
	EndGlobalSection
	GlobalSection(NestedProjects) = preSolution
		{F5ED30A7-459C-4D32-8505-5B0400A7AB5B} = {C0DDCA8A-6525-4519-BEE5-EEE62BEAB1E8}
		{EFCB059A-1671-45CA-82EE-8A134041339E} = {0FCE066B-7919-49BD-A562-7D47BDA039F9}
		{73D6D5F6-A2C7-4E59-82DA-AE81ACF354BC} = {EFCB059A-1671-45CA-82EE-8A134041339E}
		{CDED1827-6505-4ADF-AC3A-469C1D81EAB4} = {EFCB059A-1671-45CA-82EE-8A134041339E}
		{2021823A-024E-400B-86D8-D218DFD53C98} = {EFCB059A-1671-45CA-82EE-8A134041339E}
		{13294119-8AA9-4139-8912-C1C090AC09ED} = {73D6D5F6-A2C7-4E59-82DA-AE81ACF354BC}
		{212F6197-8ECE-4316-BF78-E6F3E7FF5E44} = {CDED1827-6505-4ADF-AC3A-469C1D81EAB4}
		{B2155292-E403-4733-9E32-B64DF606EB1B} = {CDED1827-6505-4ADF-AC3A-469C1D81EAB4}
		{B5F042ED-AA86-4624-9758-A0B81823079C} = {212F6197-8ECE-4316-BF78-E6F3E7FF5E44}
		{75E476FB-E1E4-483B-8CAB-A07E1AD77DAB} = {212F6197-8ECE-4316-BF78-E6F3E7FF5E44}
		{53334615-69F6-432C-AA8E-D1C35729BD6F} = {212F6197-8ECE-4316-BF78-E6F3E7FF5E44}
		{D4BF40DD-DF05-45FC-9A6C-6278D217A263} = {212F6197-8ECE-4316-BF78-E6F3E7FF5E44}
		{6E342CB2-1718-4740-8467-BD44D2061C2E} = {212F6197-8ECE-4316-BF78-E6F3E7FF5E44}
		{D54AE0BC-0303-4D68-ABE6-E029F884C9F6} = {B2155292-E403-4733-9E32-B64DF606EB1B}
		{1ED1A26B-4C3C-4431-A018-BA8360D9B2AD} = {B2155292-E403-4733-9E32-B64DF606EB1B}
		{1C22A0D5-A46D-4D6F-9B82-F665AB66E579} = {B2155292-E403-4733-9E32-B64DF606EB1B}
		{914A2E96-1705-4E0A-9478-B35226472ABB} = {B2155292-E403-4733-9E32-B64DF606EB1B}
		{0C91924B-2254-40EA-AEF8-0CFD7857AEFD} = {B2155292-E403-4733-9E32-B64DF606EB1B}
		{E1E05FAB-ED10-464F-A415-A7033B46FCBC} = {0FCE066B-7919-49BD-A562-7D47BDA039F9}
		{D00CA3CE-13AA-4DE7-8AAD-CDE7DBF45289} = {E1E05FAB-ED10-464F-A415-A7033B46FCBC}
		{85120DEA-94E4-44F0-AE77-F95D6BEB2449} = {E1E05FAB-ED10-464F-A415-A7033B46FCBC}
		{B6F58FD3-EAB9-43E1-9C8D-2D045012D081} = {E1E05FAB-ED10-464F-A415-A7033B46FCBC}
		{A0D47868-49C4-4288-956C-1E382D79A366} = {D00CA3CE-13AA-4DE7-8AAD-CDE7DBF45289}
		{28CAD737-DB62-4F58-85D4-F506B6844B7D} = {85120DEA-94E4-44F0-AE77-F95D6BEB2449}
		{03A1B156-46AD-4DF3-B325-3CCBBFBDE02A} = {28CAD737-DB62-4F58-85D4-F506B6844B7D}
		{149C8FDC-CAA3-408A-9DE1-66148676233C} = {85120DEA-94E4-44F0-AE77-F95D6BEB2449}
		{1806A3C9-363D-4602-9266-C3AFC0E75248} = {149C8FDC-CAA3-408A-9DE1-66148676233C}
		{2CDB9BE3-D487-4F07-8BF0-E1204E5DA72A} = {28CAD737-DB62-4F58-85D4-F506B6844B7D}
		{86F492B6-8F94-4ABB-9FD6-EF94E0FB858B} = {B6F58FD3-EAB9-43E1-9C8D-2D045012D081}
		{6D2F21ED-1F8B-41C7-9D24-74B7621F1785} = {2021823A-024E-400B-86D8-D218DFD53C98}
	EndGlobalSection
	GlobalSection(ExtensibilityGlobals) = postSolution
		SolutionGuid = {3502819E-7D2C-4A64-B814-D2F94187229B}
	EndGlobalSection
EndGlobal
